<Solution>
  <Folder Name="/benchmarks/">
    <Project Path="benchmarks/TriasDev.Templify.Benchmarks/TriasDev.Templify.Benchmarks.csproj" />
  </Folder>
  <Folder Name="/samples/">
    <Project Path="samples/TriasDev.Templify.Demo/TriasDev.Templify.Demo.csproj" />
  </Folder>
  <Folder Name="/src/">
    <Project Path="src/TriasDev.Templify/TriasDev.Templify.csproj" />
  </Folder>
  <Folder Name="/tests/">
    <Project Path="tests/TriasDev.Templify.Converter.Tests/TriasDev.Templify.Converter.Tests.csproj" />
    <Project Path="tests/TriasDev.Templify.Tests/TriasDev.Templify.Tests.csproj" />
    <Project Path="tests/TriasDev.Templify.Tools.Tests/TriasDev.Templify.Tools.Tests.csproj" />
  </Folder>
  <Folder Name="/tools/">
    <Project Path="tools/TriasDev.Templify.Converter/TriasDev.Templify.Converter.csproj" />
    <Project Path="tools/TriasDev.Templify.DocumentGenerator/TriasDev.Templify.DocumentGenerator.csproj" />
    <Project Path="tools/TriasDev.Templify.Gui/TriasDev.Templify.Gui.csproj" />
  </Folder>
</Solution>
